{
    "_readme": [
        "This file locks the dependencies of your project to a known state",
        "Read more about it at https://getcomposer.org/doc/01-basic-usage.md#installing-dependencies",
        "This file is @generated automatically"
    ],
    "content-hash": "29d432ee73fae86d56e7792b114a7a46",
    "packages": [
        {
            "name": "danielmewes/php-rql",
            "version": "2.3.0",
            "source": {
                "type": "git",
                "url": "https://github.com/danielmewes/php-rql.git",
                "reference": "393a49ab5c3ce2cb7f3fc5c985e612b77ce472cd"
            },
            "dist": {
                "type": "zip",
                "url": "https://api.github.com/repos/danielmewes/php-rql/zipball/393a49ab5c3ce2cb7f3fc5c985e612b77ce472cd",
                "reference": "393a49ab5c3ce2cb7f3fc5c985e612b77ce472cd",
                "shasum": ""
            },
            "require": {
                "php": ">=5.3.0"
            },
            "require-dev": {
                "jakub-onderka/php-parallel-lint": "dev-master",
                "phpunit/phpunit": "~4.8",
                "squizlabs/php_codesniffer": "~2.5"
            },
            "type": "library",
            "autoload": {
                "files": [
                    "rdb/rdb.php"
                ],
                "psr-4": {
                    "r\\": "rdb/",
                    "r\\Tests\\": "tests/"
                }
            },
            "notification-url": "https://packagist.org/downloads/",
            "license": [
                "Apache-2.0"
            ],
            "authors": [
                {
                    "name": "Daniel Mewes",
                    "email": "danielmewes@onlinehome.de",
                    "homepage": "http://dmewes.com",
                    "role": "Developer"
                }
            ],
            "description": "A PHP client driver for the RethinkDB query language (ReQL)",
            "homepage": "http://danielmewes.github.io/php-rql/",
            "keywords": [
                "database",
                "driver",
                "reql",
                "rethinkdb"
            ],
            "support": {
                "issues": "https://github.com/danielmewes/php-rql/issues",
                "source": "https://github.com/danielmewes/php-rql/tree/dev"
            },
            "time": "2016-05-31T01:55:32+00:00"
        }
    ],
    "packages-dev": [],
    "aliases": [],
    "minimum-stability": "stable",
    "stability-flags": [],
    "prefer-stable": false,
    "prefer-lowest": false,
    "platform": [],
    "platform-dev": [],
    "plugin-api-version": "2.6.0"
}
