{
    "_readme": [
        "This file locks the dependencies of your project to a known state",
        "Read more about it at https://getcomposer.org/doc/01-basic-usage.md#installing-dependencies",
        "This file is @generated automatically"
    ],
    "content-hash": "e4aa99668ed314ded5b0d3b5802bb335",
    "packages": [
        {
            "name": "geekimo/php-rql",
            "version": "3.0.0",
            "source": {
                "type": "git",
                "url": "https://github.com/Geekimo/php-rql.git",
                "reference": "344efd62f14db92c4198eca88367620f6ab1ddc6"
            },
            "dist": {
                "type": "zip",
                "url": "https://api.github.com/repos/Geekimo/php-rql/zipball/344efd62f14db92c4198eca88367620f6ab1ddc6",
                "reference": "344efd62f14db92c4198eca88367620f6ab1ddc6",
                "shasum": ""
            },
            "require": {
                "php": "^8.3.0"
            },
            "require-dev": {
                "jakub-onderka/php-parallel-lint": "dev-master",
                "phpunit/phpunit": "~4.8",
                "squizlabs/php_codesniffer": "~2.5"
            },
            "type": "library",
            "autoload": {
                "files": [
                    "rdb/rdb.php"
                ],
                "psr-4": {
                    "r\\": "rdb/",
                    "r\\Tests\\": "tests/"
                }
            },
            "notification-url": "https://packagist.org/downloads/",
            "license": [
                "Apache-2.0"
            ],
            "authors": [
                {
                    "name": "Daniel Mewes",
                    "email": "danielmewes@onlinehome.de",
                    "homepage": "http://dmewes.com",
                    "role": "Developer"
                },
                {
                    "name": "Morgan Abraham",
                    "email": "morgan@tramicms.net",
                    "role": "Developer"
                }
            ],
            "description": "A PHP client driver for the RethinkDB query language (ReQL)",
            "homepage": "https://github.com/Geekimo/php-rql/",
            "keywords": [
                "database",
                "driver",
                "reql",
                "rethinkdb"
            ],
            "support": {
                "issues": "https://github.com/Geekimo/php-rql/issues",
                "source": "https://github.com/Geekimo/php-rql/tree/3.0.0"
            },
            "time": "2024-09-10T19:51:18+00:00"
        }
    ],
    "packages-dev": [],
    "aliases": [],
    "minimum-stability": "stable",
    "stability-flags": {},
    "prefer-stable": false,
    "prefer-lowest": false,
    "platform": {},
    "platform-dev": {},
    "plugin-api-version": "2.6.0"
}
